
Microsoft Visual Studio Solution File, Format Version 12.00
# Visual Studio Version 17
VisualStudioVersion = 17.8.34408.163
MinimumVisualStudioVersion = 10.0.40219.1
Project("{FAE04EC0-301F-11D3-BF4B-00C04F79EFBC}") = "ToDoList_FS", "ToDoList_FS\ToDoList_FS.csproj", "{378DADF0-1260-4613-8A4D-17159A6AD85F}"
EndProject
Global
	GlobalSection(SolutionConfigurationPlatforms) = preSolution
		Debug|Any CPU = Debug|Any CPU
		Release|Any CPU = Release|Any CPU
	EndGlobalSection
	GlobalSection(ProjectConfigurationPlatforms) = postSolution
		{378DADF0-1260-4613-8A4D-17159A6AD85F}.Debug|Any CPU.ActiveCfg = Debug|Any CPU
		{378DADF0-1260-4613-8A4D-17159A6AD85F}.Debug|Any CPU.Build.0 = Debug|Any CPU
		{378DADF0-1260-4613-8A4D-17159A6AD85F}.Release|Any CPU.ActiveCfg = Release|Any CPU
		{378DADF0-1260-4613-8A4D-17159A6AD85F}.Release|Any CPU.Build.0 = Release|Any CPU
	EndGlobalSection
	GlobalSection(SolutionProperties) = preSolution
		HideSolutionNode = FALSE
	EndGlobalSection
	GlobalSection(ExtensibilityGlobals) = postSolution
		SolutionGuid = {F22304C2-7599-451B-98F5-C0C0E71A0D9E}
	EndGlobalSection
EndGlobal
